
Microsoft Visual Studio Solution File, Format Version 12.00
# Visual Studio 15
VisualStudioVersion = 15.0.26730.10
MinimumVisualStudioVersion = 10.0.40219.1
Project("{FAE04EC0-301F-11D3-BF4B-00C04F79EFBC}") = "LINQPad.MapUtils", "LINQPad.MapUtils\LINQPad.MapUtils.csproj", "{B36BB698-01CA-4B80-AF63-BAD52893D6B3}"
EndProject
Global
	GlobalSection(SolutionConfigurationPlatforms) = preSolution
		Debug|Any CPU = Debug|Any CPU
		Release|Any CPU = Release|Any CPU
	EndGlobalSection
	GlobalSection(ProjectConfigurationPlatforms) = postSolution
		{B36BB698-01CA-4B80-AF63-BAD52893D6B3}.Debug|Any CPU.ActiveCfg = Debug|Any CPU
		{B36BB698-01CA-4B80-AF63-BAD52893D6B3}.Debug|Any CPU.Build.0 = Debug|Any CPU
		{B36BB698-01CA-4B80-AF63-BAD52893D6B3}.Release|Any CPU.ActiveCfg = Release|Any CPU
		{B36BB698-01CA-4B80-AF63-BAD52893D6B3}.Release|Any CPU.Build.0 = Release|Any CPU
	EndGlobalSection
	GlobalSection(SolutionProperties) = preSolution
		HideSolutionNode = FALSE
	EndGlobalSection
	GlobalSection(ExtensibilityGlobals) = postSolution
		SolutionGuid = {5BADA270-A41D-4700-8E5D-2B286B08D7A3}
	EndGlobalSection
EndGlobal
